
Microsoft Visual Studio Solution File, Format Version 12.00
# Visual Studio Version 16
VisualStudioVersion = 16.0.28803.352
MinimumVisualStudioVersion = 10.0.40219.1
Project("{FAE04EC0-301F-11D3-BF4B-00C04F79EFBC}") = "HealthyHearts", "HealthyHearts\HealthyHearts.csproj", "{A10AAF83-F455-400D-BD58-3C5056A9689A}"
EndProject
Global
	GlobalSection(SolutionConfigurationPlatforms) = preSolution
		Debug|Any CPU = Debug|Any CPU
		Release|Any CPU = Release|Any CPU
	EndGlobalSection
	GlobalSection(ProjectConfigurationPlatforms) = postSolution
		{A10AAF83-F455-400D-BD58-3C5056A9689A}.Debug|Any CPU.ActiveCfg = Debug|Any CPU
		{A10AAF83-F455-400D-BD58-3C5056A9689A}.Debug|Any CPU.Build.0 = Debug|Any CPU
		{A10AAF83-F455-400D-BD58-3C5056A9689A}.Release|Any CPU.ActiveCfg = Release|Any CPU
		{A10AAF83-F455-400D-BD58-3C5056A9689A}.Release|Any CPU.Build.0 = Release|Any CPU
	EndGlobalSection
	GlobalSection(SolutionProperties) = preSolution
		HideSolutionNode = FALSE
	EndGlobalSection
	GlobalSection(ExtensibilityGlobals) = postSolution
		SolutionGuid = {2AE3C0D3-DA0A-444A-97B3-BC34FC4FF30F}
	EndGlobalSection
EndGlobal
